
Microsoft Visual Studio Solution File, Format Version 12.00
# Visual Studio 15
VisualStudioVersion = 15.0.28010.2041
MinimumVisualStudioVersion = 10.0.40219.1
Project("{FAE04EC0-301F-11D3-BF4B-00C04F79EFBC}") = "SuperSuitShop.RestAPI", "SuperSuitShop.RestAPI\SuperSuitShop.RestAPI.csproj", "{7B688338-F824-49D1-902F-D0A2C3B30425}"
EndProject
Project("{2150E333-8FDC-42A3-9474-1A3956D46DE8}") = "Core", "Core", "{8C352D23-6F0E-4108-8913-18CA2D053570}"
EndProject
Project("{2150E333-8FDC-42A3-9474-1A3956D46DE8}") = "Infrastructure", "Infrastructure", "{76FD0469-C918-46D1-9EB1-3060AE3339DD}"
EndProject
Project("{2150E333-8FDC-42A3-9474-1A3956D46DE8}") = "UI", "UI", "{8DB3B797-DA79-4271-A473-6353A46E76A7}"
EndProject
Project("{FAE04EC0-301F-11D3-BF4B-00C04F79EFBC}") = "SuperSuitShop.Core", "..\SuperSuitShop.Core\SuperSuitShop.Core.csproj", "{0908715D-DD18-408B-9885-36A9D6A7EE08}"
EndProject
Project("{FAE04EC0-301F-11D3-BF4B-00C04F79EFBC}") = "SuperSuitShop.Core.Entities", "SuperSuitShop.Core.Entities\SuperSuitShop.Core.Entities.csproj", "{2175822B-7F1E-4D77-8588-A19F5EE17D1E}"
EndProject
Project("{FAE04EC0-301F-11D3-BF4B-00C04F79EFBC}") = "SuperSuitShop.Infrastructure.Data", "SuperSuitShop.Infrastructure.Data\SuperSuitShop.Infrastructure.Data.csproj", "{8AA8CFE9-0281-4ECE-AE37-7C58B06B3570}"
EndProject
Global
	GlobalSection(SolutionConfigurationPlatforms) = preSolution
		Debug|Any CPU = Debug|Any CPU
		Release|Any CPU = Release|Any CPU
	EndGlobalSection
	GlobalSection(ProjectConfigurationPlatforms) = postSolution
		{7B688338-F824-49D1-902F-D0A2C3B30425}.Debug|Any CPU.ActiveCfg = Debug|Any CPU
		{7B688338-F824-49D1-902F-D0A2C3B30425}.Debug|Any CPU.Build.0 = Debug|Any CPU
		{7B688338-F824-49D1-902F-D0A2C3B30425}.Release|Any CPU.ActiveCfg = Release|Any CPU
		{7B688338-F824-49D1-902F-D0A2C3B30425}.Release|Any CPU.Build.0 = Release|Any CPU
		{0908715D-DD18-408B-9885-36A9D6A7EE08}.Debug|Any CPU.ActiveCfg = Debug|Any CPU
		{0908715D-DD18-408B-9885-36A9D6A7EE08}.Debug|Any CPU.Build.0 = Debug|Any CPU
		{0908715D-DD18-408B-9885-36A9D6A7EE08}.Release|Any CPU.ActiveCfg = Release|Any CPU
		{0908715D-DD18-408B-9885-36A9D6A7EE08}.Release|Any CPU.Build.0 = Release|Any CPU
		{2175822B-7F1E-4D77-8588-A19F5EE17D1E}.Debug|Any CPU.ActiveCfg = Debug|Any CPU
		{2175822B-7F1E-4D77-8588-A19F5EE17D1E}.Debug|Any CPU.Build.0 = Debug|Any CPU
		{2175822B-7F1E-4D77-8588-A19F5EE17D1E}.Release|Any CPU.ActiveCfg = Release|Any CPU
		{2175822B-7F1E-4D77-8588-A19F5EE17D1E}.Release|Any CPU.Build.0 = Release|Any CPU
		{8AA8CFE9-0281-4ECE-AE37-7C58B06B3570}.Debug|Any CPU.ActiveCfg = Debug|Any CPU
		{8AA8CFE9-0281-4ECE-AE37-7C58B06B3570}.Debug|Any CPU.Build.0 = Debug|Any CPU
		{8AA8CFE9-0281-4ECE-AE37-7C58B06B3570}.Release|Any CPU.ActiveCfg = Release|Any CPU
		{8AA8CFE9-0281-4ECE-AE37-7C58B06B3570}.Release|Any CPU.Build.0 = Release|Any CPU
	EndGlobalSection
	GlobalSection(SolutionProperties) = preSolution
		HideSolutionNode = FALSE
	EndGlobalSection
	GlobalSection(NestedProjects) = preSolution
		{7B688338-F824-49D1-902F-D0A2C3B30425} = {8DB3B797-DA79-4271-A473-6353A46E76A7}
		{0908715D-DD18-408B-9885-36A9D6A7EE08} = {8C352D23-6F0E-4108-8913-18CA2D053570}
		{2175822B-7F1E-4D77-8588-A19F5EE17D1E} = {8C352D23-6F0E-4108-8913-18CA2D053570}
		{8AA8CFE9-0281-4ECE-AE37-7C58B06B3570} = {76FD0469-C918-46D1-9EB1-3060AE3339DD}
	EndGlobalSection
	GlobalSection(ExtensibilityGlobals) = postSolution
		SolutionGuid = {0F148F9F-5145-44D2-B336-59CDE5F65166}
	EndGlobalSection
EndGlobal
